// !$*UTF8*$!
{
	archiveVersion = 1;
	classes = {
	};
	objectVersion = 46;
	objects = {

/* Begin PBXBuildFile section */
		549331A816BA570400FB1FE1 /* Foundation.framework in Frameworks */ = {isa = PBXBuildFile; fileRef = 549331A716BA570400FB1FE1 /* Foundation.framework */; };
		549331AB16BA570400FB1FE1 /* main.m in Sources */ = {isa = PBXBuildFile; fileRef = 549331AA16BA570400FB1FE1 /* main.m */; };
		549331AF16BA570400FB1FE1 /* test123.1 in CopyFiles */ = {isa = PBXBuildFile; fileRef = 549331AE16BA570400FB1FE1 /* test123.1 */; };
/* End PBXBuildFile section */

/* Begin PBXCopyFilesBuildPhase section */
		549331A116BA570400FB1FE1 /* CopyFiles */ = {
			isa = PBXCopyFilesBuildPhase;
			buildActionMask = 2147483647;
			dstPath = /usr/share/man/man1/;
			dstSubfolderSpec = 0;
			files = (
				549331AF16BA570400FB1FE1 /* test123.1 in CopyFiles */,
			);
			runOnlyForDeploymentPostprocessing = 1;
		};
/* End PBXCopyFilesBuildPhase section */

/* Begin PBXFileReference section */
		549331A316BA570400FB1FE1 /* test123 */ = {isa = PBXFileReference; explicitFileType = "compiled.mach-o.executable"; includeInIndex = 0; path = test123; sourceTree = BUILT_PRODUCTS_DIR; };
		549331A716BA570400FB1FE1 /* Foundation.framework */ = {isa = PBXFileReference; lastKnownFileType = wrapper.framework; name = Foundation.framework; path = System/Library/Frameworks/Foundation.framework; sourceTree = SDKROOT; };
		549331AA16BA570400FB1FE1 /* main.m */ = {isa = PBXFileReference; lastKnownFileType = sourcecode.c.objc; path = main.m; sourceTree = "<group>"; };
		549331AD16BA570400FB1FE1 /* test123-Prefix.pch */ = {isa = PBXFileReference; lastKnownFileType = sourcecode.c.h; path = "test123-Prefix.pch"; sourceTree = "<group>"; };
		549331AE16BA570400FB1FE1 /* test123.1 */ = {isa = PBXFileReference; lastKnownFileType = text.man; path = test123.1; sourceTree = "<group>"; };
/* End PBXFileReference section */

/* Begin PBXFrameworksBuildPhase section */
		549331A016BA570400FB1FE1 /* Frameworks */ = {
			isa = PBXFrameworksBuildPhase;
			buildActionMask = 2147483647;
			files = (
				549331A816BA570400FB1FE1 /* Foundation.framework in Frameworks */,
			);
			runOnlyForDeploymentPostprocessing = 0;
		};
/* End PBXFrameworksBuildPhase section */

/* Begin PBXGroup section */
		5493319816BA570400FB1FE1 = {
			isa = PBXGroup;
			children = (
				549331A916BA570400FB1FE1 /* test123 */,
				549331A616BA570400FB1FE1 /* Frameworks */,
				549331A416BA570400FB1FE1 /* Products */,
			);
			sourceTree = "<group>";
		};
		549331A416BA570400FB1FE1 /* Products */ = {
			isa = PBXGroup;
			children = (
				549331A316BA570400FB1FE1 /* test123 */,
			);
			name = Products;
			sourceTree = "<group>";
		};
		549331A616BA570400FB1FE1 /* Frameworks */ = {
			isa = PBXGroup;
			children = (
				549331A716BA570400FB1FE1 /* Foundation.framework */,
			);
			name = Frameworks;
			sourceTree = "<group>";
		};
		549331A916BA570400FB1FE1 /* test123 */ = {
			isa = PBXGroup;
			children = (
				549331AA16BA570400FB1FE1 /* main.m */,
				549331AE16BA570400FB1FE1 /* test123.1 */,
				549331AC16BA570400FB1FE1 /* Supporting Files */,
			);
			path = test123;
			sourceTree = "<group>";
		};
		549331AC16BA570400FB1FE1 /* Supporting Files */ = {
			isa = PBXGroup;
			children = (
				549331AD16BA570400FB1FE1 /* test123-Prefix.pch */,
			);
			name = "Supporting Files";
			sourceTree = "<group>";
		};
/* End PBXGroup section */

/* Begin PBXNativeTarget section */
		549331A216BA570400FB1FE1 /* test123 */ = {
			isa = PBXNativeTarget;
			buildConfigurationList = 549331B216BA570400FB1FE1 /* Build configuration list for PBXNativeTarget "test123" */;
			buildPhases = (
				5493319F16BA570400FB1FE1 /* Sources */,
				549331A016BA570400FB1FE1 /* Frameworks */,
				549331A116BA570400FB1FE1 /* CopyFiles */,
			);
			buildRules = (
			);
			dependencies = (
			);
			name = test123;
			productName = test123;
			productReference = 549331A316BA570400FB1FE1 /* test123 */;
			productType = "com.apple.product-type.tool";
		};
/* End PBXNativeTarget section */

/* Begin PBXProject section */
		5493319A16BA570400FB1FE1 /* Project object */ = {
			isa = PBXProject;
			attributes = {
				LastUpgradeCheck = 0450;
				ORGANIZATIONNAME = com.lertwang;
			};
			buildConfigurationList = 5493319D16BA570400FB1FE1 /* Build configuration list for PBXProject "test123" */;
			compatibilityVersion = "Xcode 3.2";
			developmentRegion = English;
			hasScannedForEncodings = 0;
			knownRegions = (
				en,
			);
			mainGroup = 5493319816BA570400FB1FE1;
			productRefGroup = 549331A416BA570400FB1FE1 /* Products */;
			projectDirPath = "";
			projectRoot = "";
			targets = (
				549331A216BA570400FB1FE1 /* test123 */,
			);
		};
/* End PBXProject section */

/* Begin PBXSourcesBuildPhase section */
		5493319F16BA570400FB1FE1 /* Sources */ = {
			isa = PBXSourcesBuildPhase;
			buildActionMask = 2147483647;
			files = (
				549331AB16BA570400FB1FE1 /* main.m in Sources */,
			);
			runOnlyForDeploymentPostprocessing = 0;
		};
/* End PBXSourcesBuildPhase section */

/* Begin XCBuildConfiguration section */
		549331B016BA570400FB1FE1 /* Debug */ = {
			isa = XCBuildConfiguration;
			buildSettings = {
				ALWAYS_SEARCH_USER_PATHS = NO;
				ARCHS = "$(ARCHS_STANDARD_64_BIT)";
				CLANG_CXX_LANGUAGE_STANDARD = "gnu++0x";
				CLANG_CXX_LIBRARY = "libc++";
				CLANG_WARN_EMPTY_BODY = YES;
				CLANG_WARN__DUPLICATE_METHOD_MATCH = YES;
				COPY_PHASE_STRIP = NO;
				GCC_C_LANGUAGE_STANDARD = gnu99;
				GCC_DYNAMIC_NO_PIC = NO;
				GCC_ENABLE_OBJC_EXCEPTIONS = YES;
				GCC_OPTIMIZATION_LEVEL = 0;
				GCC_PREPROCESSOR_DEFINITIONS = (
					"DEBUG=1",
					"$(inherited)",
				);
				GCC_SYMBOLS_PRIVATE_EXTERN = NO;
				GCC_WARN_64_TO_32_BIT_CONVERSION = YES;
				GCC_WARN_ABOUT_RETURN_TYPE = YES;
				GCC_WARN_UNINITIALIZED_AUTOS = YES;
				GCC_WARN_UNUSED_VARIABLE = YES;
				MACOSX_DEPLOYMENT_TARGET = 10.8;
				ONLY_ACTIVE_ARCH = YES;
				SDKROOT = macosx;
			};
			name = Debug;
		};
		549331B116BA570400FB1FE1 /* Release */ = {
			isa = XCBuildConfiguration;
			buildSettings = {
				ALWAYS_SEARCH_USER_PATHS = NO;
				ARCHS = "$(ARCHS_STANDARD_64_BIT)";
				CLANG_CXX_LANGUAGE_STANDARD = "gnu++0x";
				CLANG_CXX_LIBRARY = "libc++";
				CLANG_WARN_EMPTY_BODY = YES;
				CLANG_WARN__DUPLICATE_METHOD_MATCH = YES;
				COPY_PHASE_STRIP = YES;
				DEBUG_INFORMATION_FORMAT = "dwarf-with-dsym";
				GCC_C_LANGUAGE_STANDARD = gnu99;
				GCC_ENABLE_OBJC_EXCEPTIONS = YES;
				GCC_WARN_64_TO_32_BIT_CONVERSION = YES;
				GCC_WARN_ABOUT_RETURN_TYPE = YES;
				GCC_WARN_UNINITIALIZED_AUTOS = YES;
				GCC_WARN_UNUSED_VARIABLE = YES;
				MACOSX_DEPLOYMENT_TARGET = 10.8;
				SDKROOT = macosx;
			};
			name = Release;
		};
		549331B316BA570400FB1FE1 /* Debug */ = {
			isa = XCBuildConfiguration;
			buildSettings = {
				GCC_PRECOMPILE_PREFIX_HEADER = YES;
				GCC_PREFIX_HEADER = "test123/test123-Prefix.pch";
				PRODUCT_NAME = "$(TARGET_NAME)";
			};
			name = Debug;
		};
		549331B416BA570400FB1FE1 /* Release */ = {
			isa = XCBuildConfiguration;
			buildSettings = {
				GCC_PRECOMPILE_PREFIX_HEADER = YES;
				GCC_PREFIX_HEADER = "test123/test123-Prefix.pch";
				PRODUCT_NAME = "$(TARGET_NAME)";
			};
			name = Release;
		};
/* End XCBuildConfiguration section */

/* Begin XCConfigurationList section */
		5493319D16BA570400FB1FE1 /* Build configuration list for PBXProject "test123" */ = {
			isa = XCConfigurationList;
			buildConfigurations = (
				549331B016BA570400FB1FE1 /* Debug */,
				549331B116BA570400FB1FE1 /* Release */,
			);
			defaultConfigurationIsVisible = 0;
			defaultConfigurationName = Release;
		};
		549331B216BA570400FB1FE1 /* Build configuration list for PBXNativeTarget "test123" */ = {
			isa = XCConfigurationList;
			buildConfigurations = (
				549331B316BA570400FB1FE1 /* Debug */,
				549331B416BA570400FB1FE1 /* Release */,
			);
			defaultConfigurationIsVisible = 0;
		};
/* End XCConfigurationList section */
	};
	rootObject = 5493319A16BA570400FB1FE1 /* Project object */;
}
